// !$*UTF8*$!
{
	archiveVersion = 1;
	classes = {
	};
	objectVersion = 56;
	objects = {

/* Begin PBXBuildFile section */
		074E349E29AD44F300AE7738 /* ListRowView.swift in Sources */ = {isa = PBXBuildFile; fileRef = 074E349D29AD44F300AE7738 /* ListRowView.swift */; };
		0767752A29A90F4600BD1B4C /* MovieAddView.swift in Sources */ = {isa = PBXBuildFile; fileRef = 0767752929A90F4600BD1B4C /* MovieAddView.swift */; };
		0767752D29AA7BE400BD1B4C /* MovieModel.swift in Sources */ = {isa = PBXBuildFile; fileRef = 0767752C29AA7BE400BD1B4C /* MovieModel.swift */; };
		0767753E29ACEE0C00BD1B4C /* MovieViewModel.swift in Sources */ = {isa = PBXBuildFile; fileRef = 0767753D29ACEE0C00BD1B4C /* MovieViewModel.swift */; };
		0767754029ACF0C900BD1B4C /* MovieDetailsView.swift in Sources */ = {isa = PBXBuildFile; fileRef = 0767753F29ACF0C900BD1B4C /* MovieDetailsView.swift */; };
		07F5204E29A795D700EF51D8 /* MovonaApp.swift in Sources */ = {isa = PBXBuildFile; fileRef = 07F5204D29A795D700EF51D8 /* MovonaApp.swift */; };
		07F5205229A795D700EF51D8 /* Assets.xcassets in Resources */ = {isa = PBXBuildFile; fileRef = 07F5205129A795D700EF51D8 /* Assets.xcassets */; };
		07F5205529A795D700EF51D8 /* Preview Assets.xcassets in Resources */ = {isa = PBXBuildFile; fileRef = 07F5205429A795D700EF51D8 /* Preview Assets.xcassets */; };
		07F5205729A795D700EF51D8 /* Persistence.swift in Sources */ = {isa = PBXBuildFile; fileRef = 07F5205629A795D700EF51D8 /* Persistence.swift */; };
		07F5205A29A795D700EF51D8 /* Movona.xcdatamodeld in Sources */ = {isa = PBXBuildFile; fileRef = 07F5205829A795D700EF51D8 /* Movona.xcdatamodeld */; };
		07F5206529A795D700EF51D8 /* MovonaTests.swift in Sources */ = {isa = PBXBuildFile; fileRef = 07F5206429A795D700EF51D8 /* MovonaTests.swift */; };
		07F5206F29A795D700EF51D8 /* MovonaUITests.swift in Sources */ = {isa = PBXBuildFile; fileRef = 07F5206E29A795D700EF51D8 /* MovonaUITests.swift */; };
		07F5207129A795D700EF51D8 /* MovonaUITestsLaunchTests.swift in Sources */ = {isa = PBXBuildFile; fileRef = 07F5207029A795D700EF51D8 /* MovonaUITestsLaunchTests.swift */; };
		07F5207E29A7965B00EF51D8 /* HomeView.swift in Sources */ = {isa = PBXBuildFile; fileRef = 07F5207D29A7965B00EF51D8 /* HomeView.swift */; };
		07F5208229A7982E00EF51D8 /* CardStack in Frameworks */ = {isa = PBXBuildFile; productRef = 07F5208129A7982E00EF51D8 /* CardStack */; };
		07F5208429A79BD200EF51D8 /* ListView.swift in Sources */ = {isa = PBXBuildFile; fileRef = 07F5208329A79BD200EF51D8 /* ListView.swift */; };
		07F5208A29A79F0000EF51D8 /* TabBarView.swift in Sources */ = {isa = PBXBuildFile; fileRef = 07F5208929A79F0000EF51D8 /* TabBarView.swift */; };
/* End PBXBuildFile section */

/* Begin PBXContainerItemProxy section */
		07F5206129A795D700EF51D8 /* PBXContainerItemProxy */ = {
			isa = PBXContainerItemProxy;
			containerPortal = 07F5204229A795D700EF51D8 /* Project object */;
			proxyType = 1;
			remoteGlobalIDString = 07F5204929A795D700EF51D8;
			remoteInfo = Movona;
		};
		07F5206B29A795D700EF51D8 /* PBXContainerItemProxy */ = {
			isa = PBXContainerItemProxy;
			containerPortal = 07F5204229A795D700EF51D8 /* Project object */;
			proxyType = 1;
			remoteGlobalIDString = 07F5204929A795D700EF51D8;
			remoteInfo = Movona;
		};
/* End PBXContainerItemProxy section */

/* Begin PBXFileReference section */
		074E349D29AD44F300AE7738 /* ListRowView.swift */ = {isa = PBXFileReference; lastKnownFileType = sourcecode.swift; path = ListRowView.swift; sourceTree = "<group>"; };
		0767752929A90F4600BD1B4C /* MovieAddView.swift */ = {isa = PBXFileReference; lastKnownFileType = sourcecode.swift; path = MovieAddView.swift; sourceTree = "<group>"; };
		0767752C29AA7BE400BD1B4C /* MovieModel.swift */ = {isa = PBXFileReference; lastKnownFileType = sourcecode.swift; path = MovieModel.swift; sourceTree = "<group>"; };
		0767753D29ACEE0C00BD1B4C /* MovieViewModel.swift */ = {isa = PBXFileReference; lastKnownFileType = sourcecode.swift; path = MovieViewModel.swift; sourceTree = "<group>"; };
		0767753F29ACF0C900BD1B4C /* MovieDetailsView.swift */ = {isa = PBXFileReference; lastKnownFileType = sourcecode.swift; path = MovieDetailsView.swift; sourceTree = "<group>"; };
		07F5204A29A795D700EF51D8 /* Movona.app */ = {isa = PBXFileReference; explicitFileType = wrapper.application; includeInIndex = 0; path = Movona.app; sourceTree = BUILT_PRODUCTS_DIR; };
		07F5204D29A795D700EF51D8 /* MovonaApp.swift */ = {isa = PBXFileReference; lastKnownFileType = sourcecode.swift; path = MovonaApp.swift; sourceTree = "<group>"; };
		07F5205129A795D700EF51D8 /* Assets.xcassets */ = {isa = PBXFileReference; lastKnownFileType = folder.assetcatalog; path = Assets.xcassets; sourceTree = "<group>"; };
		07F5205429A795D700EF51D8 /* Preview Assets.xcassets */ = {isa = PBXFileReference; lastKnownFileType = folder.assetcatalog; path = "Preview Assets.xcassets"; sourceTree = "<group>"; };
		07F5205629A795D700EF51D8 /* Persistence.swift */ = {isa = PBXFileReference; lastKnownFileType = sourcecode.swift; path = Persistence.swift; sourceTree = "<group>"; };
		07F5205929A795D700EF51D8 /* Movona.xcdatamodel */ = {isa = PBXFileReference; lastKnownFileType = wrapper.xcdatamodel; path = Movona.xcdatamodel; sourceTree = "<group>"; };
		07F5205B29A795D700EF51D8 /* Info.plist */ = {isa = PBXFileReference; lastKnownFileType = text.plist.xml; path = Info.plist; sourceTree = "<group>"; };
		07F5206029A795D700EF51D8 /* MovonaTests.xctest */ = {isa = PBXFileReference; explicitFileType = wrapper.cfbundle; includeInIndex = 0; path = MovonaTests.xctest; sourceTree = BUILT_PRODUCTS_DIR; };
		07F5206429A795D700EF51D8 /* MovonaTests.swift */ = {isa = PBXFileReference; lastKnownFileType = sourcecode.swift; path = MovonaTests.swift; sourceTree = "<group>"; };
		07F5206A29A795D700EF51D8 /* MovonaUITests.xctest */ = {isa = PBXFileReference; explicitFileType = wrapper.cfbundle; includeInIndex = 0; path = MovonaUITests.xctest; sourceTree = BUILT_PRODUCTS_DIR; };
		07F5206E29A795D700EF51D8 /* MovonaUITests.swift */ = {isa = PBXFileReference; lastKnownFileType = sourcecode.swift; path = MovonaUITests.swift; sourceTree = "<group>"; };
		07F5207029A795D700EF51D8 /* MovonaUITestsLaunchTests.swift */ = {isa = PBXFileReference; lastKnownFileType = sourcecode.swift; path = MovonaUITestsLaunchTests.swift; sourceTree = "<group>"; };
		07F5207D29A7965B00EF51D8 /* HomeView.swift */ = {isa = PBXFileReference; lastKnownFileType = sourcecode.swift; path = HomeView.swift; sourceTree = "<group>"; };
		07F5208329A79BD200EF51D8 /* ListView.swift */ = {isa = PBXFileReference; lastKnownFileType = sourcecode.swift; path = ListView.swift; sourceTree = "<group>"; };
		07F5208929A79F0000EF51D8 /* TabBarView.swift */ = {isa = PBXFileReference; lastKnownFileType = sourcecode.swift; path = TabBarView.swift; sourceTree = "<group>"; };
/* End PBXFileReference section */

/* Begin PBXFrameworksBuildPhase section */
		07F5204729A795D700EF51D8 /* Frameworks */ = {
			isa = PBXFrameworksBuildPhase;
			buildActionMask = 2147483647;
			files = (
				07F5208229A7982E00EF51D8 /* CardStack in Frameworks */,
			);
			runOnlyForDeploymentPostprocessing = 0;
		};
		07F5205D29A795D700EF51D8 /* Frameworks */ = {
			isa = PBXFrameworksBuildPhase;
			buildActionMask = 2147483647;
			files = (
			);
			runOnlyForDeploymentPostprocessing = 0;
		};
		07F5206729A795D700EF51D8 /* Frameworks */ = {
			isa = PBXFrameworksBuildPhase;
			buildActionMask = 2147483647;
			files = (
			);
			runOnlyForDeploymentPostprocessing = 0;
		};
/* End PBXFrameworksBuildPhase section */

/* Begin PBXGroup section */
		0767752829A90F3500BD1B4C /* View */ = {
			isa = PBXGroup;
			children = (
				07F5208929A79F0000EF51D8 /* TabBarView.swift */,
				07F5207D29A7965B00EF51D8 /* HomeView.swift */,
				07F5208329A79BD200EF51D8 /* ListView.swift */,
				074E349D29AD44F300AE7738 /* ListRowView.swift */,
				0767752929A90F4600BD1B4C /* MovieAddView.swift */,
				0767753F29ACF0C900BD1B4C /* MovieDetailsView.swift */,
			);
			path = View;
			sourceTree = "<group>";
		};
		0767752B29AA7BC000BD1B4C /* Model */ = {
			isa = PBXGroup;
			children = (
				0767752C29AA7BE400BD1B4C /* MovieModel.swift */,
			);
			path = Model;
			sourceTree = "<group>";
		};
		0767753C29ACEDFE00BD1B4C /*  ViewModel */ = {
			isa = PBXGroup;
			children = (
				0767753D29ACEE0C00BD1B4C /* MovieViewModel.swift */,
			);
			path = " ViewModel";
			sourceTree = "<group>";
		};
		07F5204129A795D700EF51D8 = {
			isa = PBXGroup;
			children = (
				07F5204C29A795D700EF51D8 /* Movona */,
				07F5206329A795D700EF51D8 /* MovonaTests */,
				07F5206D29A795D700EF51D8 /* MovonaUITests */,
				07F5204B29A795D700EF51D8 /* Products */,
			);
			sourceTree = "<group>";
		};
		07F5204B29A795D700EF51D8 /* Products */ = {
			isa = PBXGroup;
			children = (
				07F5204A29A795D700EF51D8 /* Movona.app */,
				07F5206029A795D700EF51D8 /* MovonaTests.xctest */,
				07F5206A29A795D700EF51D8 /* MovonaUITests.xctest */,
			);
			name = Products;
			sourceTree = "<group>";
		};
		07F5204C29A795D700EF51D8 /* Movona */ = {
			isa = PBXGroup;
			children = (
				0767753C29ACEDFE00BD1B4C /*  ViewModel */,
				0767752B29AA7BC000BD1B4C /* Model */,
				0767752829A90F3500BD1B4C /* View */,
				07F5204D29A795D700EF51D8 /* MovonaApp.swift */,
				07F5205129A795D700EF51D8 /* Assets.xcassets */,
				07F5205629A795D700EF51D8 /* Persistence.swift */,
				07F5205B29A795D700EF51D8 /* Info.plist */,
				07F5205829A795D700EF51D8 /* Movona.xcdatamodeld */,
				07F5205329A795D700EF51D8 /* Preview Content */,
			);
			path = Movona;
			sourceTree = "<group>";
		};
		07F5205329A795D700EF51D8 /* Preview Content */ = {
			isa = PBXGroup;
			children = (
				07F5205429A795D700EF51D8 /* Preview Assets.xcassets */,
			);
			path = "Preview Content";
			sourceTree = "<group>";
		};
		07F5206329A795D700EF51D8 /* MovonaTests */ = {
			isa = PBXGroup;
			children = (
				07F5206429A795D700EF51D8 /* MovonaTests.swift */,
			);
			path = MovonaTests;
			sourceTree = "<group>";
		};
		07F5206D29A795D700EF51D8 /* MovonaUITests */ = {
			isa = PBXGroup;
			children = (
				07F5206E29A795D700EF51D8 /* MovonaUITests.swift */,
				07F5207029A795D700EF51D8 /* MovonaUITestsLaunchTests.swift */,
			);
			path = MovonaUITests;
			sourceTree = "<group>";
		};
/* End PBXGroup section */

/* Begin PBXNativeTarget section */
		07F5204929A795D700EF51D8 /* Movona */ = {
			isa = PBXNativeTarget;
			buildConfigurationList = 07F5207429A795D700EF51D8 /* Build configuration list for PBXNativeTarget "Movona" */;
			buildPhases = (
				07F5204629A795D700EF51D8 /* Sources */,
				07F5204729A795D700EF51D8 /* Frameworks */,
				07F5204829A795D700EF51D8 /* Resources */,
			);
			buildRules = (
			);
			dependencies = (
			);
			name = Movona;
			packageProductDependencies = (
				07F5208129A7982E00EF51D8 /* CardStack */,
			);
			productName = Movona;
			productReference = 07F5204A29A795D700EF51D8 /* Movona.app */;
			productType = "com.apple.product-type.application";
		};
		07F5205F29A795D700EF51D8 /* MovonaTests */ = {
			isa = PBXNativeTarget;
			buildConfigurationList = 07F5207729A795D700EF51D8 /* Build configuration list for PBXNativeTarget "MovonaTests" */;
			buildPhases = (
				07F5205C29A795D700EF51D8 /* Sources */,
				07F5205D29A795D700EF51D8 /* Frameworks */,
				07F5205E29A795D700EF51D8 /* Resources */,
			);
			buildRules = (
			);
			dependencies = (
				07F5206229A795D700EF51D8 /* PBXTargetDependency */,
			);
			name = MovonaTests;
			productName = MovonaTests;
			productReference = 07F5206029A795D700EF51D8 /* MovonaTests.xctest */;
			productType = "com.apple.product-type.bundle.unit-test";
		};
		07F5206929A795D700EF51D8 /* MovonaUITests */ = {
			isa = PBXNativeTarget;
			buildConfigurationList = 07F5207A29A795D700EF51D8 /* Build configuration list for PBXNativeTarget "MovonaUITests" */;
			buildPhases = (
				07F5206629A795D700EF51D8 /* Sources */,
				07F5206729A795D700EF51D8 /* Frameworks */,
				07F5206829A795D700EF51D8 /* Resources */,
			);
			buildRules = (
			);
			dependencies = (
				07F5206C29A795D700EF51D8 /* PBXTargetDependency */,
			);
			name = MovonaUITests;
			productName = MovonaUITests;
			productReference = 07F5206A29A795D700EF51D8 /* MovonaUITests.xctest */;
			productType = "com.apple.product-type.bundle.ui-testing";
		};
/* End PBXNativeTarget section */

/* Begin PBXProject section */
		07F5204229A795D700EF51D8 /* Project object */ = {
			isa = PBXProject;
			attributes = {
				BuildIndependentTargetsInParallel = 1;
				LastSwiftUpdateCheck = 1410;
				LastUpgradeCheck = 1410;
				TargetAttributes = {
					07F5204929A795D700EF51D8 = {
						CreatedOnToolsVersion = 14.1;
					};
					07F5205F29A795D700EF51D8 = {
						CreatedOnToolsVersion = 14.1;
						TestTargetID = 07F5204929A795D700EF51D8;
					};
					07F5206929A795D700EF51D8 = {
						CreatedOnToolsVersion = 14.1;
						TestTargetID = 07F5204929A795D700EF51D8;
					};
				};
			};
			buildConfigurationList = 07F5204529A795D700EF51D8 /* Build configuration list for PBXProject "Movona" */;
			compatibilityVersion = "Xcode 14.0";
			developmentRegion = en;
			hasScannedForEncodings = 0;
			knownRegions = (
				en,
				Base,
			);
			mainGroup = 07F5204129A795D700EF51D8;
			packageReferences = (
				07F5208029A7982E00EF51D8 /* XCRemoteSwiftPackageReference "CardStack" */,
			);
			productRefGroup = 07F5204B29A795D700EF51D8 /* Products */;
			projectDirPath = "";
			projectRoot = "";
			targets = (
				07F5204929A795D700EF51D8 /* Movona */,
				07F5205F29A795D700EF51D8 /* MovonaTests */,
				07F5206929A795D700EF51D8 /* MovonaUITests */,
			);
		};
/* End PBXProject section */

/* Begin PBXResourcesBuildPhase section */
		07F5204829A795D700EF51D8 /* Resources */ = {
			isa = PBXResourcesBuildPhase;
			buildActionMask = 2147483647;
			files = (
				07F5205529A795D700EF51D8 /* Preview Assets.xcassets in Resources */,
				07F5205229A795D700EF51D8 /* Assets.xcassets in Resources */,
			);
			runOnlyForDeploymentPostprocessing = 0;
		};
		07F5205E29A795D700EF51D8 /* Resources */ = {
			isa = PBXResourcesBuildPhase;
			buildActionMask = 2147483647;
			files = (
			);
			runOnlyForDeploymentPostprocessing = 0;
		};
		07F5206829A795D700EF51D8 /* Resources */ = {
			isa = PBXResourcesBuildPhase;
			buildActionMask = 2147483647;
			files = (
			);
			runOnlyForDeploymentPostprocessing = 0;
		};
/* End PBXResourcesBuildPhase section */

/* Begin PBXSourcesBuildPhase section */
		07F5204629A795D700EF51D8 /* Sources */ = {
			isa = PBXSourcesBuildPhase;
			buildActionMask = 2147483647;
			files = (
				07F5205729A795D700EF51D8 /* Persistence.swift in Sources */,
				07F5207E29A7965B00EF51D8 /* HomeView.swift in Sources */,
				07F5208429A79BD200EF51D8 /* ListView.swift in Sources */,
				0767752D29AA7BE400BD1B4C /* MovieModel.swift in Sources */,
				0767754029ACF0C900BD1B4C /* MovieDetailsView.swift in Sources */,
				07F5204E29A795D700EF51D8 /* MovonaApp.swift in Sources */,
				0767753E29ACEE0C00BD1B4C /* MovieViewModel.swift in Sources */,
				07F5208A29A79F0000EF51D8 /* TabBarView.swift in Sources */,
				074E349E29AD44F300AE7738 /* ListRowView.swift in Sources */,
				0767752A29A90F4600BD1B4C /* MovieAddView.swift in Sources */,
				07F5205A29A795D700EF51D8 /* Movona.xcdatamodeld in Sources */,
			);
			runOnlyForDeploymentPostprocessing = 0;
		};
		07F5205C29A795D700EF51D8 /* Sources */ = {
			isa = PBXSourcesBuildPhase;
			buildActionMask = 2147483647;
			files = (
				07F5206529A795D700EF51D8 /* MovonaTests.swift in Sources */,
			);
			runOnlyForDeploymentPostprocessing = 0;
		};
		07F5206629A795D700EF51D8 /* Sources */ = {
			isa = PBXSourcesBuildPhase;
			buildActionMask = 2147483647;
			files = (
				07F5207129A795D700EF51D8 /* MovonaUITestsLaunchTests.swift in Sources */,
				07F5206F29A795D700EF51D8 /* MovonaUITests.swift in Sources */,
			);
			runOnlyForDeploymentPostprocessing = 0;
		};
/* End PBXSourcesBuildPhase section */

/* Begin PBXTargetDependency section */
		07F5206229A795D700EF51D8 /* PBXTargetDependency */ = {
			isa = PBXTargetDependency;
			target = 07F5204929A795D700EF51D8 /* Movona */;
			targetProxy = 07F5206129A795D700EF51D8 /* PBXContainerItemProxy */;
		};
		07F5206C29A795D700EF51D8 /* PBXTargetDependency */ = {
			isa = PBXTargetDependency;
			target = 07F5204929A795D700EF51D8 /* Movona */;
			targetProxy = 07F5206B29A795D700EF51D8 /* PBXContainerItemProxy */;
		};
/* End PBXTargetDependency section */

/* Begin XCBuildConfiguration section */
		07F5207229A795D700EF51D8 /* Debug */ = {
			isa = XCBuildConfiguration;
			buildSettings = {
				ALWAYS_SEARCH_USER_PATHS = NO;
				CLANG_ANALYZER_NONNULL = YES;
				CLANG_ANALYZER_NUMBER_OBJECT_CONVERSION = YES_AGGRESSIVE;
				CLANG_CXX_LANGUAGE_STANDARD = "gnu++20";
				CLANG_ENABLE_MODULES = YES;
				CLANG_ENABLE_OBJC_ARC = YES;
				CLANG_ENABLE_OBJC_WEAK = YES;
				CLANG_WARN_BLOCK_CAPTURE_AUTORELEASING = YES;
				CLANG_WARN_BOOL_CONVERSION = YES;
				CLANG_WARN_COMMA = YES;
				CLANG_WARN_CONSTANT_CONVERSION = YES;
				CLANG_WARN_DEPRECATED_OBJC_IMPLEMENTATIONS = YES;
				CLANG_WARN_DIRECT_OBJC_ISA_USAGE = YES_ERROR;
				CLANG_WARN_DOCUMENTATION_COMMENTS = YES;
				CLANG_WARN_EMPTY_BODY = YES;
				CLANG_WARN_ENUM_CONVERSION = YES;
				CLANG_WARN_INFINITE_RECURSION = YES;
				CLANG_WARN_INT_CONVERSION = YES;
				CLANG_WARN_NON_LITERAL_NULL_CONVERSION = YES;
				CLANG_WARN_OBJC_IMPLICIT_RETAIN_SELF = YES;
				CLANG_WARN_OBJC_LITERAL_CONVERSION = YES;
				CLANG_WARN_OBJC_ROOT_CLASS = YES_ERROR;
				CLANG_WARN_QUOTED_INCLUDE_IN_FRAMEWORK_HEADER = YES;
				CLANG_WARN_RANGE_LOOP_ANALYSIS = YES;
				CLANG_WARN_STRICT_PROTOTYPES = YES;
				CLANG_WARN_SUSPICIOUS_MOVE = YES;
				CLANG_WARN_UNGUARDED_AVAILABILITY = YES_AGGRESSIVE;
				CLANG_WARN_UNREACHABLE_CODE = YES;
				CLANG_WARN__DUPLICATE_METHOD_MATCH = YES;
				COPY_PHASE_STRIP = NO;
				DEBUG_INFORMATION_FORMAT = dwarf;
				ENABLE_STRICT_OBJC_MSGSEND = YES;
				ENABLE_TESTABILITY = YES;
				GCC_C_LANGUAGE_STANDARD = gnu11;
				GCC_DYNAMIC_NO_PIC = NO;
				GCC_NO_COMMON_BLOCKS = YES;
				GCC_OPTIMIZATION_LEVEL = 0;
				GCC_PREPROCESSOR_DEFINITIONS = (
					"DEBUG=1",
					"$(inherited)",
				);
				GCC_WARN_64_TO_32_BIT_CONVERSION = YES;
				GCC_WARN_ABOUT_RETURN_TYPE = YES_ERROR;
				GCC_WARN_UNDECLARED_SELECTOR = YES;
				GCC_WARN_UNINITIALIZED_AUTOS = YES_AGGRESSIVE;
				GCC_WARN_UNUSED_FUNCTION = YES;
				GCC_WARN_UNUSED_VARIABLE = YES;
				IPHONEOS_DEPLOYMENT_TARGET = 16.0;
				MTL_ENABLE_DEBUG_INFO = INCLUDE_SOURCE;
				MTL_FAST_MATH = YES;
				ONLY_ACTIVE_ARCH = YES;
				SDKROOT = iphoneos;
				SWIFT_ACTIVE_COMPILATION_CONDITIONS = DEBUG;
				SWIFT_OPTIMIZATION_LEVEL = "-Onone";
			};
			name = Debug;
		};
		07F5207329A795D700EF51D8 /* Release */ = {
			isa = XCBuildConfiguration;
			buildSettings = {
				ALWAYS_SEARCH_USER_PATHS = NO;
				CLANG_ANALYZER_NONNULL = YES;
				CLANG_ANALYZER_NUMBER_OBJECT_CONVERSION = YES_AGGRESSIVE;
				CLANG_CXX_LANGUAGE_STANDARD = "gnu++20";
				CLANG_ENABLE_MODULES = YES;
				CLANG_ENABLE_OBJC_ARC = YES;
				CLANG_ENABLE_OBJC_WEAK = YES;
				CLANG_WARN_BLOCK_CAPTURE_AUTORELEASING = YES;
				CLANG_WARN_BOOL_CONVERSION = YES;
				CLANG_WARN_COMMA = YES;
				CLANG_WARN_CONSTANT_CONVERSION = YES;
				CLANG_WARN_DEPRECATED_OBJC_IMPLEMENTATIONS = YES;
				CLANG_WARN_DIRECT_OBJC_ISA_USAGE = YES_ERROR;
				CLANG_WARN_DOCUMENTATION_COMMENTS = YES;
				CLANG_WARN_EMPTY_BODY = YES;
				CLANG_WARN_ENUM_CONVERSION = YES;
				CLANG_WARN_INFINITE_RECURSION = YES;
				CLANG_WARN_INT_CONVERSION = YES;
				CLANG_WARN_NON_LITERAL_NULL_CONVERSION = YES;
				CLANG_WARN_OBJC_IMPLICIT_RETAIN_SELF = YES;
				CLANG_WARN_OBJC_LITERAL_CONVERSION = YES;
				CLANG_WARN_OBJC_ROOT_CLASS = YES_ERROR;
				CLANG_WARN_QUOTED_INCLUDE_IN_FRAMEWORK_HEADER = YES;
				CLANG_WARN_RANGE_LOOP_ANALYSIS = YES;
				CLANG_WARN_STRICT_PROTOTYPES = YES;
				CLANG_WARN_SUSPICIOUS_MOVE = YES;
				CLANG_WARN_UNGUARDED_AVAILABILITY = YES_AGGRESSIVE;
				CLANG_WARN_UNREACHABLE_CODE = YES;
				CLANG_WARN__DUPLICATE_METHOD_MATCH = YES;
				COPY_PHASE_STRIP = NO;
				DEBUG_INFORMATION_FORMAT = "dwarf-with-dsym";
				ENABLE_NS_ASSERTIONS = NO;
				ENABLE_STRICT_OBJC_MSGSEND = YES;
				GCC_C_LANGUAGE_STANDARD = gnu11;
				GCC_NO_COMMON_BLOCKS = YES;
				GCC_WARN_64_TO_32_BIT_CONVERSION = YES;
				GCC_WARN_ABOUT_RETURN_TYPE = YES_ERROR;
				GCC_WARN_UNDECLARED_SELECTOR = YES;
				GCC_WARN_UNINITIALIZED_AUTOS = YES_AGGRESSIVE;
				GCC_WARN_UNUSED_FUNCTION = YES;
				GCC_WARN_UNUSED_VARIABLE = YES;
				IPHONEOS_DEPLOYMENT_TARGET = 16.0;
				MTL_ENABLE_DEBUG_INFO = NO;
				MTL_FAST_MATH = YES;
				SDKROOT = iphoneos;
				SWIFT_COMPILATION_MODE = wholemodule;
				SWIFT_OPTIMIZATION_LEVEL = "-O";
				VALIDATE_PRODUCT = YES;
			};
			name = Release;
		};
		07F5207529A795D700EF51D8 /* Debug */ = {
			isa = XCBuildConfiguration;
			buildSettings = {
				ASSETCATALOG_COMPILER_APPICON_NAME = AppIcon;
				ASSETCATALOG_COMPILER_GLOBAL_ACCENT_COLOR_NAME = AccentColor;
				CODE_SIGN_STYLE = Automatic;
				CURRENT_PROJECT_VERSION = 1;
				DEVELOPMENT_ASSET_PATHS = "\"Movona/Preview Content\"";
				DEVELOPMENT_TEAM = 932427GD45;
				ENABLE_PREVIEWS = YES;
				GENERATE_INFOPLIST_FILE = YES;
				INFOPLIST_KEY_UIApplicationSceneManifest_Generation = YES;
				INFOPLIST_KEY_UIApplicationSupportsIndirectInputEvents = YES;
				INFOPLIST_KEY_UILaunchScreen_Generation = YES;
				INFOPLIST_KEY_UISupportedInterfaceOrientations_iPad = "UIInterfaceOrientationPortrait UIInterfaceOrientationPortraitUpsideDown UIInterfaceOrientationLandscapeLeft UIInterfaceOrientationLandscapeRight";
				INFOPLIST_KEY_UISupportedInterfaceOrientations_iPhone = "UIInterfaceOrientationPortrait UIInterfaceOrientationLandscapeLeft UIInterfaceOrientationLandscapeRight";
				LD_RUNPATH_SEARCH_PATHS = (
					"$(inherited)",
					"@executable_path/Frameworks",
				);
				MARKETING_VERSION = 1.0;
				PRODUCT_BUNDLE_IDENTIFIER = Mireh.Movona;
				PRODUCT_NAME = "$(TARGET_NAME)";
				SWIFT_EMIT_LOC_STRINGS = YES;
				SWIFT_VERSION = 5.0;
				TARGETED_DEVICE_FAMILY = "1,2";
			};
			name = Debug;
		};
		07F5207629A795D700EF51D8 /* Release */ = {
			isa = XCBuildConfiguration;
			buildSettings = {
				ASSETCATALOG_COMPILER_APPICON_NAME = AppIcon;
				ASSETCATALOG_COMPILER_GLOBAL_ACCENT_COLOR_NAME = AccentColor;
				CODE_SIGN_STYLE = Automatic;
				CURRENT_PROJECT_VERSION = 1;
				DEVELOPMENT_ASSET_PATHS = "\"Movona/Preview Content\"";
				DEVELOPMENT_TEAM = 932427GD45;
				ENABLE_PREVIEWS = YES;
				GENERATE_INFOPLIST_FILE = YES;
				INFOPLIST_KEY_UIApplicationSceneManifest_Generation = YES;
				INFOPLIST_KEY_UIApplicationSupportsIndirectInputEvents = YES;
				INFOPLIST_KEY_UILaunchScreen_Generation = YES;
				INFOPLIST_KEY_UISupportedInterfaceOrientations_iPad = "UIInterfaceOrientationPortrait UIInterfaceOrientationPortraitUpsideDown UIInterfaceOrientationLandscapeLeft UIInterfaceOrientationLandscapeRight";
				INFOPLIST_KEY_UISupportedInterfaceOrientations_iPhone = "UIInterfaceOrientationPortrait UIInterfaceOrientationLandscapeLeft UIInterfaceOrientationLandscapeRight";
				LD_RUNPATH_SEARCH_PATHS = (
					"$(inherited)",
					"@executable_path/Frameworks",
				);
				MARKETING_VERSION = 1.0;
				PRODUCT_BUNDLE_IDENTIFIER = Mireh.Movona;
				PRODUCT_NAME = "$(TARGET_NAME)";
				SWIFT_EMIT_LOC_STRINGS = YES;
				SWIFT_VERSION = 5.0;
				TARGETED_DEVICE_FAMILY = "1,2";
			};
			name = Release;
		};
		07F5207829A795D700EF51D8 /* Debug */ = {
			isa = XCBuildConfiguration;
			buildSettings = {
				ALWAYS_EMBED_SWIFT_STANDARD_LIBRARIES = YES;
				BUNDLE_LOADER = "$(TEST_HOST)";
				CODE_SIGN_STYLE = Automatic;
				CURRENT_PROJECT_VERSION = 1;
				DEVELOPMENT_TEAM = 932427GD45;
				GENERATE_INFOPLIST_FILE = YES;
				IPHONEOS_DEPLOYMENT_TARGET = 16.1;
				MARKETING_VERSION = 1.0;
				PRODUCT_BUNDLE_IDENTIFIER = Mireh.MovonaTests;
				PRODUCT_NAME = "$(TARGET_NAME)";
				SWIFT_EMIT_LOC_STRINGS = NO;
				SWIFT_VERSION = 5.0;
				TARGETED_DEVICE_FAMILY = "1,2";
				TEST_HOST = "$(BUILT_PRODUCTS_DIR)/Movona.app/$(BUNDLE_EXECUTABLE_FOLDER_PATH)/Movona";
			};
			name = Debug;
		};
		07F5207929A795D700EF51D8 /* Release */ = {
			isa = XCBuildConfiguration;
			buildSettings = {
				ALWAYS_EMBED_SWIFT_STANDARD_LIBRARIES = YES;
				BUNDLE_LOADER = "$(TEST_HOST)";
				CODE_SIGN_STYLE = Automatic;
				CURRENT_PROJECT_VERSION = 1;
				DEVELOPMENT_TEAM = 932427GD45;
				GENERATE_INFOPLIST_FILE = YES;
				IPHONEOS_DEPLOYMENT_TARGET = 16.1;
				MARKETING_VERSION = 1.0;
				PRODUCT_BUNDLE_IDENTIFIER = Mireh.MovonaTests;
				PRODUCT_NAME = "$(TARGET_NAME)";
				SWIFT_EMIT_LOC_STRINGS = NO;
				SWIFT_VERSION = 5.0;
				TARGETED_DEVICE_FAMILY = "1,2";
				TEST_HOST = "$(BUILT_PRODUCTS_DIR)/Movona.app/$(BUNDLE_EXECUTABLE_FOLDER_PATH)/Movona";
			};
			name = Release;
		};
		07F5207B29A795D700EF51D8 /* Debug */ = {
			isa = XCBuildConfiguration;
			buildSettings = {
				ALWAYS_EMBED_SWIFT_STANDARD_LIBRARIES = YES;
				CODE_SIGN_STYLE = Automatic;
				CURRENT_PROJECT_VERSION = 1;
				DEVELOPMENT_TEAM = 932427GD45;
				GENERATE_INFOPLIST_FILE = YES;
				MARKETING_VERSION = 1.0;
				PRODUCT_BUNDLE_IDENTIFIER = Mireh.MovonaUITests;
				PRODUCT_NAME = "$(TARGET_NAME)";
				SWIFT_EMIT_LOC_STRINGS = NO;
				SWIFT_VERSION = 5.0;
				TARGETED_DEVICE_FAMILY = "1,2";
				TEST_TARGET_NAME = Movona;
			};
			name = Debug;
		};
		07F5207C29A795D700EF51D8 /* Release */ = {
			isa = XCBuildConfiguration;
			buildSettings = {
				ALWAYS_EMBED_SWIFT_STANDARD_LIBRARIES = YES;
				CODE_SIGN_STYLE = Automatic;
				CURRENT_PROJECT_VERSION = 1;
				DEVELOPMENT_TEAM = 932427GD45;
				GENERATE_INFOPLIST_FILE = YES;
				MARKETING_VERSION = 1.0;
				PRODUCT_BUNDLE_IDENTIFIER = Mireh.MovonaUITests;
				PRODUCT_NAME = "$(TARGET_NAME)";
				SWIFT_EMIT_LOC_STRINGS = NO;
				SWIFT_VERSION = 5.0;
				TARGETED_DEVICE_FAMILY = "1,2";
				TEST_TARGET_NAME = Movona;
			};
			name = Release;
		};
/* End XCBuildConfiguration section */

/* Begin XCConfigurationList section */
		07F5204529A795D700EF51D8 /* Build configuration list for PBXProject "Movona" */ = {
			isa = XCConfigurationList;
			buildConfigurations = (
				07F5207229A795D700EF51D8 /* Debug */,
				07F5207329A795D700EF51D8 /* Release */,
			);
			defaultConfigurationIsVisible = 0;
			defaultConfigurationName = Release;
		};
		07F5207429A795D700EF51D8 /* Build configuration list for PBXNativeTarget "Movona" */ = {
			isa = XCConfigurationList;
			buildConfigurations = (
				07F5207529A795D700EF51D8 /* Debug */,
				07F5207629A795D700EF51D8 /* Release */,
			);
			defaultConfigurationIsVisible = 0;
			defaultConfigurationName = Release;
		};
		07F5207729A795D700EF51D8 /* Build configuration list for PBXNativeTarget "MovonaTests" */ = {
			isa = XCConfigurationList;
			buildConfigurations = (
				07F5207829A795D700EF51D8 /* Debug */,
				07F5207929A795D700EF51D8 /* Release */,
			);
			defaultConfigurationIsVisible = 0;
			defaultConfigurationName = Release;
		};
		07F5207A29A795D700EF51D8 /* Build configuration list for PBXNativeTarget "MovonaUITests" */ = {
			isa = XCConfigurationList;
			buildConfigurations = (
				07F5207B29A795D700EF51D8 /* Debug */,
				07F5207C29A795D700EF51D8 /* Release */,
			);
			defaultConfigurationIsVisible = 0;
			defaultConfigurationName = Release;
		};
/* End XCConfigurationList section */

/* Begin XCRemoteSwiftPackageReference section */
		07F5208029A7982E00EF51D8 /* XCRemoteSwiftPackageReference "CardStack" */ = {
			isa = XCRemoteSwiftPackageReference;
			repositoryURL = "https://github.com/notsobigcompany/CardStack";
			requirement = {
				branch = main;
				kind = branch;
			};
		};
/* End XCRemoteSwiftPackageReference section */

/* Begin XCSwiftPackageProductDependency section */
		07F5208129A7982E00EF51D8 /* CardStack */ = {
			isa = XCSwiftPackageProductDependency;
			package = 07F5208029A7982E00EF51D8 /* XCRemoteSwiftPackageReference "CardStack" */;
			productName = CardStack;
		};
/* End XCSwiftPackageProductDependency section */

/* Begin XCVersionGroup section */
		07F5205829A795D700EF51D8 /* Movona.xcdatamodeld */ = {
			isa = XCVersionGroup;
			children = (
				07F5205929A795D700EF51D8 /* Movona.xcdatamodel */,
			);
			currentVersion = 07F5205929A795D700EF51D8 /* Movona.xcdatamodel */;
			path = Movona.xcdatamodeld;
			sourceTree = "<group>";
			versionGroupType = wrapper.xcdatamodel;
		};
/* End XCVersionGroup section */
	};
	rootObject = 07F5204229A795D700EF51D8 /* Project object */;
}
